
Microsoft Visual Studio Solution File, Format Version 12.00
# Visual Studio 15
VisualStudioVersion = 15.0.26730.16
MinimumVisualStudioVersion = 10.0.40219.1
Project("{FAE04EC0-301F-11D3-BF4B-00C04F79EFBC}") = "siplog", "siplog\siplog.csproj", "{A28B24E0-62CC-477E-8F02-412FF81F19AA}"
EndProject
Global
	GlobalSection(SolutionConfigurationPlatforms) = preSolution
		Debug|Any CPU = Debug|Any CPU
		Release|Any CPU = Release|Any CPU
	EndGlobalSection
	GlobalSection(ProjectConfigurationPlatforms) = postSolution
		{A28B24E0-62CC-477E-8F02-412FF81F19AA}.Debug|Any CPU.ActiveCfg = Release|Any CPU
		{A28B24E0-62CC-477E-8F02-412FF81F19AA}.Debug|Any CPU.Build.0 = Release|Any CPU
		{A28B24E0-62CC-477E-8F02-412FF81F19AA}.Release|Any CPU.ActiveCfg = Release|Any CPU
		{A28B24E0-62CC-477E-8F02-412FF81F19AA}.Release|Any CPU.Build.0 = Release|Any CPU
	EndGlobalSection
	GlobalSection(SolutionProperties) = preSolution
		HideSolutionNode = FALSE
	EndGlobalSection
	GlobalSection(ExtensibilityGlobals) = postSolution
		SolutionGuid = {D956E2F5-21B7-4BD8-B323-E8C32B7974CF}
	EndGlobalSection
EndGlobal
